
Microsoft Visual Studio Solution File, Format Version 12.00
# Visual Studio Version 17
VisualStudioVersion = 17.7.34221.43
MinimumVisualStudioVersion = 10.0.40219.1
Project("{FAE04EC0-301F-11D3-BF4B-00C04F79EFBC}") = "oop-2023-ca1-25933", "CarPark_25933\oop-2023-ca1-25933.csproj", "{9E1D8D4E-5F8D-4DD8-B669-87020C325433}"
EndProject
Global
	GlobalSection(SolutionConfigurationPlatforms) = preSolution
		Debug|Any CPU = Debug|Any CPU
		Release|Any CPU = Release|Any CPU
	EndGlobalSection
	GlobalSection(ProjectConfigurationPlatforms) = postSolution
		{9E1D8D4E-5F8D-4DD8-B669-87020C325433}.Debug|Any CPU.ActiveCfg = Debug|Any CPU
		{9E1D8D4E-5F8D-4DD8-B669-87020C325433}.Debug|Any CPU.Build.0 = Debug|Any CPU
		{9E1D8D4E-5F8D-4DD8-B669-87020C325433}.Release|Any CPU.ActiveCfg = Release|Any CPU
		{9E1D8D4E-5F8D-4DD8-B669-87020C325433}.Release|Any CPU.Build.0 = Release|Any CPU
	EndGlobalSection
	GlobalSection(SolutionProperties) = preSolution
		HideSolutionNode = FALSE
	EndGlobalSection
	GlobalSection(ExtensibilityGlobals) = postSolution
		SolutionGuid = {80527A8B-0265-4C19-946A-20306438A163}
	EndGlobalSection
EndGlobal
